{
    "knplabs/knp-snappy": {
        "version": "v1.3.1"
    },
    "knplabs/knp-snappy-bundle": {
        "version": "1.8",
        "recipe": {
            "repo": "github.com/symfony/recipes-contrib",
            "branch": "master",
            "version": "1.5",
            "ref": "c81bdcf4a9d4e7b1959071457f9608631865d381"
        },
        "files": [
            "config/packages/knp_snappy.yaml"
        ]
    },
    "symfony/expression-language": {
        "version": "v5.3.11"
    }
}
